# This file is automatically @generated by Cargo.
# It is not intended for manual editing.
version = 3

[[package]]
name = "arena_tree"
version = "0.1.0"

[[package]]
name = "dom"
version = "0.1.0"
dependencies = [
 "html",
]

[[package]]
name = "html"
version = "0.1.0"

[[package]]
name = "html_parser"
version = "0.1.0"
dependencies = [
 "dom",
 "html",
 "tokenizer",
 "typed-arena",
]

[[package]]
name = "layout"
version = "0.1.0"
dependencies = [
 "arena_tree",
 "dom",
 "render_tree",
]

[[package]]
name = "render_tree"
version = "0.1.0"
dependencies = [
 "arena_tree",
 "dom",
]

[[package]]
name = "sputnik"
version = "0.1.0"
dependencies = [
 "dom",
 "html_parser",
 "layout",
 "render_tree",
 "tokenizer",
 "typed-arena",
]

[[package]]
name = "tokenizer"
version = "0.1.0"

[[package]]
name = "typed-arena"
version = "2.0.2"
source = "registry+https://github.com/rust-lang/crates.io-index"
checksum = "6af6ae20167a9ece4bcb41af5b80f8a1f1df981f6391189ce00fd257af04126a"
